
Microsoft Visual Studio Solution File, Format Version 12.00
# Visual Studio 15
VisualStudioVersion = 15.0.28307.329
MinimumVisualStudioVersion = 10.0.40219.1
Project("{FAE04EC0-301F-11D3-BF4B-00C04F79EFBC}") = "Calc_1401", "Calc_1401\Calc_1401.csproj", "{1B881DFA-59B2-421A-B555-16677353D0E1}"
EndProject
Global
	GlobalSection(SolutionConfigurationPlatforms) = preSolution
		Debug|Any CPU = Debug|Any CPU
		Release|Any CPU = Release|Any CPU
	EndGlobalSection
	GlobalSection(ProjectConfigurationPlatforms) = postSolution
		{1B881DFA-59B2-421A-B555-16677353D0E1}.Debug|Any CPU.ActiveCfg = Debug|Any CPU
		{1B881DFA-59B2-421A-B555-16677353D0E1}.Debug|Any CPU.Build.0 = Debug|Any CPU
		{1B881DFA-59B2-421A-B555-16677353D0E1}.Release|Any CPU.ActiveCfg = Release|Any CPU
		{1B881DFA-59B2-421A-B555-16677353D0E1}.Release|Any CPU.Build.0 = Release|Any CPU
	EndGlobalSection
	GlobalSection(SolutionProperties) = preSolution
		HideSolutionNode = FALSE
	EndGlobalSection
	GlobalSection(ExtensibilityGlobals) = postSolution
		SolutionGuid = {A32D0DE5-FDA5-4AEF-A6C3-4EB853108CCA}
	EndGlobalSection
EndGlobal
